version = 1
revision = 3
requires-python = ">=3.11"

[[package]]
name = "gia-test"
version = "0.1.0"
source = { virtual = "." }
dependencies = [
    { name = "psycopg2" },
    { name = "pyqt6" },
    { name = "sqlalchemy" },
]

[package.metadata]
requires-dist = [
    { name = "psycopg2", specifier = ">=2.9.11" },
    { name = "pyqt6", specifier = ">=6.9.1" },
    { name = "sqlalchemy", specifier = ">=2.0.44" },
]

[[package]]
name = "greenlet"
version = "3.2.4"
source = { registry = "https://pypi.org/simple" }
sdist = { url = "https://files.pythonhosted.org/packages/03/b8/704d753a5a45507a7aab61f18db9509302ed3d0a27ac7e0359ec2905b1a6/greenlet-3.2.4.tar.gz", hash = "sha256:0dca0d95ff849f9a364385f36ab49f50065d76964944638be9691e1832e9f86d", size = 188260, upload-time = "2025-08-07T13:24:33.51Z" }
wheels = [
    { url = "https://files.pythonhosted.org/packages/a4/de/f28ced0a67749cac23fecb02b694f6473f47686dff6afaa211d186e2ef9c/greenlet-3.2.4-cp311-cp311-macosx_11_0_universal2.whl", hash = "sha256:96378df1de302bc38e99c3a9aa311967b7dc80ced1dcc6f171e99842987882a2", size = 272305, upload-time = "2025-08-07T13:15:41.288Z" },
    { url = "https://files.pythonhosted.org/packages/09/16/2c3792cba130000bf2a31c5272999113f4764fd9d874fb257ff588ac779a/greenlet-3.2.4-cp311-cp311-manylinux2014_aarch64.manylinux_2_17_aarch64.whl", hash = "sha256:1ee8fae0519a337f2329cb78bd7a8e128ec0f881073d43f023c7b8d4831d5246", size = 632472, upload-time = "2025-08-07T13:42:55.044Z" },
    { url = "https://files.pythonhosted.org/packages/ae/8f/95d48d7e3d433e6dae5b1682e4292242a53f22df82e6d3dda81b1701a960/greenlet-3.2.4-cp311-cp311-manylinux2014_ppc64le.manylinux_2_17_ppc64le.whl", hash = "sha256:94abf90142c2a18151632371140b3dba4dee031633fe614cb592dbb6c9e17bc3", size = 644646, upload-time = "2025-08-07T13:45:26.523Z" },
    { url = "https://files.pythonhosted.org/packages/d5/5e/405965351aef8c76b8ef7ad370e5da58d57ef6068df197548b015464001a/greenlet-3.2.4-cp311-cp311-manylinux2014_s390x.manylinux_2_17_s390x.whl", hash = "sha256:4d1378601b85e2e5171b99be8d2dc85f594c79967599328f95c1dc1a40f1c633", size = 640519, upload-time = "2025-08-07T13:53:13.928Z" },
    { url = "https://files.pythonhosted.org/packages/25/5d/382753b52006ce0218297ec1b628e048c4e64b155379331f25a7316eb749/greenlet-3.2.4-cp311-cp311-manylinux2014_x86_64.manylinux_2_17_x86_64.whl", hash = "sha256:0db5594dce18db94f7d1650d7489909b57afde4c580806b8d9203b6e79cdc079", size = 639707, upload-time = "2025-08-07T13:18:27.146Z" },
    { url = "https://files.pythonhosted.org/packages/1f/8e/abdd3f14d735b2929290a018ecf133c901be4874b858dd1c604b9319f064/greenlet-3.2.4-cp311-cp311-manylinux_2_24_x86_64.manylinux_2_28_x86_64.whl", hash = "sha256:2523e5246274f54fdadbce8494458a2ebdcdbc7b802318466ac5606d3cded1f8", size = 587684, upload-time = "2025-08-07T13:18:25.164Z" },
    { url = "https://files.pythonhosted.org/packages/5d/65/deb2a69c3e5996439b0176f6651e0052542bb6c8f8ec2e3fba97c9768805/greenlet-3.2.4-cp311-cp311-musllinux_1_1_aarch64.whl", hash = "sha256:1987de92fec508535687fb807a5cea1560f6196285a4cde35c100b8cd632cc52", size = 1116647, upload-time = "2025-08-07T13:42:38.655Z" },
    { url = "https://files.pythonhosted.org/packages/3f/cc/b07000438a29ac5cfb2194bfc128151d52f333cee74dd7dfe3fb733fc16c/greenlet-3.2.4-cp311-cp311-musllinux_1_1_x86_64.whl", hash = "sha256:55e9c5affaa6775e2c6b67659f3a71684de4c549b3dd9afca3bc773533d284fa", size = 1142073, upload-time = "2025-08-07T13:18:21.737Z" },
    { url = "https://files.pythonhosted.org/packages/d8/0f/30aef242fcab550b0b3520b8e3561156857c94288f0332a79928c31a52cf/greenlet-3.2.4-cp311-cp311-win_amd64.whl", hash = "sha256:9c40adce87eaa9ddb593ccb0fa6a07caf34015a29bf8d344811665b573138db9", size = 299100, upload-time = "2025-08-07T13:44:12.287Z" },
    { url = "https://files.pythonhosted.org/packages/44/69/9b804adb5fd0671f367781560eb5eb586c4d495277c93bde4307b9e28068/greenlet-3.2.4-cp312-cp312-macosx_11_0_universal2.whl", hash = "sha256:3b67ca49f54cede0186854a008109d6ee71f66bd57bb36abd6d0a0267b540cdd", size = 274079, upload-time = "2025-08-07T13:15:45.033Z" },
    { url = "https://files.pythonhosted.org/packages/46/e9/d2a80c99f19a153eff70bc451ab78615583b8dac0754cfb942223d2c1a0d/greenlet-3.2.4-cp312-cp312-manylinux2014_aarch64.manylinux_2_17_aarch64.whl", hash = "sha256:ddf9164e7a5b08e9d22511526865780a576f19ddd00d62f8a665949327fde8bb", size = 640997, upload-time = "2025-08-07T13:42:56.234Z" },
    { url = "https://files.pythonhosted.org/packages/3b/16/035dcfcc48715ccd345f3a93183267167cdd162ad123cd93067d86f27ce4/greenlet-3.2.4-cp312-cp312-manylinux2014_ppc64le.manylinux_2_17_ppc64le.whl", hash = "sha256:f28588772bb5fb869a8eb331374ec06f24a83a9c25bfa1f38b6993afe9c1e968", size = 655185, upload-time = "2025-08-07T13:45:27.624Z" },
    { url = "https://files.pythonhosted.org/packages/31/da/0386695eef69ffae1ad726881571dfe28b41970173947e7c558d9998de0f/greenlet-3.2.4-cp312-cp312-manylinux2014_s390x.manylinux_2_17_s390x.whl", hash = "sha256:5c9320971821a7cb77cfab8d956fa8e39cd07ca44b6070db358ceb7f8797c8c9", size = 649926, upload-time = "2025-08-07T13:53:15.251Z" },
    { url = "https://files.pythonhosted.org/packages/68/88/69bf19fd4dc19981928ceacbc5fd4bb6bc2215d53199e367832e98d1d8fe/greenlet-3.2.4-cp312-cp312-manylinux2014_x86_64.manylinux_2_17_x86_64.whl", hash = "sha256:c60a6d84229b271d44b70fb6e5fa23781abb5d742af7b808ae3f6efd7c9c60f6", size = 651839, upload-time = "2025-08-07T13:18:30.281Z" },
    { url = "https://files.pythonhosted.org/packages/19/0d/6660d55f7373b2ff8152401a83e02084956da23ae58cddbfb0b330978fe9/greenlet-3.2.4-cp312-cp312-manylinux_2_24_x86_64.manylinux_2_28_x86_64.whl", hash = "sha256:3b3812d8d0c9579967815af437d96623f45c0f2ae5f04e366de62a12d83a8fb0", size = 607586, upload-time = "2025-08-07T13:18:28.544Z" },
    { url = "https://files.pythonhosted.org/packages/8e/1a/c953fdedd22d81ee4629afbb38d2f9d71e37d23caace44775a3a969147d4/greenlet-3.2.4-cp312-cp312-musllinux_1_1_aarch64.whl", hash = "sha256:abbf57b5a870d30c4675928c37278493044d7c14378350b3aa5d484fa65575f0", size = 1123281, upload-time = "2025-08-07T13:42:39.858Z" },
    { url = "https://files.pythonhosted.org/packages/3f/c7/12381b18e21aef2c6bd3a636da1088b888b97b7a0362fac2e4de92405f97/greenlet-3.2.4-cp312-cp312-musllinux_1_1_x86_64.whl", hash = "sha256:20fb936b4652b6e307b8f347665e2c615540d4b42b3b4c8a321d8286da7e520f", size = 1151142, upload-time = "2025-08-07T13:18:22.981Z" },
    { url = "https://files.pythonhosted.org/packages/e9/08/b0814846b79399e585f974bbeebf5580fbe59e258ea7be64d9dfb253c84f/greenlet-3.2.4-cp312-cp312-win_amd64.whl", hash = "sha256:a7d4e128405eea3814a12cc2605e0e6aedb4035bf32697f72deca74de4105e02", size = 299899, upload-time = "2025-08-07T13:38:53.448Z" },
    { url = "https://files.pythonhosted.org/packages/49/e8/58c7f85958bda41dafea50497cbd59738c5c43dbbea5ee83d651234398f4/greenlet-3.2.4-cp313-cp313-macosx_11_0_universal2.whl", hash = "sha256:1a921e542453fe531144e91e1feedf12e07351b1cf6c9e8a3325ea600a715a31", size = 272814, upload-time = "2025-08-07T13:15:50.011Z" },
    { url = "https://files.pythonhosted.org/packages/62/dd/b9f59862e9e257a16e4e610480cfffd29e3fae018a68c2332090b53aac3d/greenlet-3.2.4-cp313-cp313-manylinux2014_aarch64.manylinux_2_17_aarch64.whl", hash = "sha256:cd3c8e693bff0fff6ba55f140bf390fa92c994083f838fece0f63be121334945", size = 641073, upload-time = "2025-08-07T13:42:57.23Z" },
    { url = "https://files.pythonhosted.org/packages/f7/0b/bc13f787394920b23073ca3b6c4a7a21396301ed75a655bcb47196b50e6e/greenlet-3.2.4-cp313-cp313-manylinux2014_ppc64le.manylinux_2_17_ppc64le.whl", hash = "sha256:710638eb93b1fa52823aa91bf75326f9ecdfd5e0466f00789246a5280f4ba0fc", size = 655191, upload-time = "2025-08-07T13:45:29.752Z" },
    { url = "https://files.pythonhosted.org/packages/f2/d6/6adde57d1345a8d0f14d31e4ab9c23cfe8e2cd39c3baf7674b4b0338d266/greenlet-3.2.4-cp313-cp313-manylinux2014_s390x.manylinux_2_17_s390x.whl", hash = "sha256:c5111ccdc9c88f423426df3fd1811bfc40ed66264d35aa373420a34377efc98a", size = 649516, upload-time = "2025-08-07T13:53:16.314Z" },
    { url = "https://files.pythonhosted.org/packages/7f/3b/3a3328a788d4a473889a2d403199932be55b1b0060f4ddd96ee7cdfcad10/greenlet-3.2.4-cp313-cp313-manylinux2014_x86_64.manylinux_2_17_x86_64.whl", hash = "sha256:d76383238584e9711e20ebe14db6c88ddcedc1829a9ad31a584389463b5aa504", size = 652169, upload-time = "2025-08-07T13:18:32.861Z" },
    { url = "https://files.pythonhosted.org/packages/ee/43/3cecdc0349359e1a527cbf2e3e28e5f8f06d3343aaf82ca13437a9aa290f/greenlet-3.2.4-cp313-cp313-manylinux_2_24_x86_64.manylinux_2_28_x86_64.whl", hash = "sha256:23768528f2911bcd7e475210822ffb5254ed10d71f4028387e5a99b4c6699671", size = 610497, upload-time = "2025-08-07T13:18:31.636Z" },
    { url = "https://files.pythonhosted.org/packages/b8/19/06b6cf5d604e2c382a6f31cafafd6f33d5dea706f4db7bdab184bad2b21d/greenlet-3.2.4-cp313-cp313-musllinux_1_1_aarch64.whl", hash = "sha256:00fadb3fedccc447f517ee0d3fd8fe49eae949e1cd0f6a611818f4f6fb7dc83b", size = 1121662, upload-time = "2025-08-07T13:42:41.117Z" },
    { url = "https://files.pythonhosted.org/packages/a2/15/0d5e4e1a66fab130d98168fe984c509249c833c1a3c16806b90f253ce7b9/greenlet-3.2.4-cp313-cp313-musllinux_1_1_x86_64.whl", hash = "sha256:d25c5091190f2dc0eaa3f950252122edbbadbb682aa7b1ef2f8af0f8c0afefae", size = 1149210, upload-time = "2025-08-07T13:18:24.072Z" },
    { url = "https://files.pythonhosted.org/packages/0b/55/2321e43595e6801e105fcfdee02b34c0f996eb71e6ddffca6b10b7e1d771/greenlet-3.2.4-cp313-cp313-win_amd64.whl", hash = "sha256:554b03b6e73aaabec3745364d6239e9e012d64c68ccd0b8430c64ccc14939a8b", size = 299685, upload-time = "2025-08-07T13:24:38.824Z" },
    { url = "https://files.pythonhosted.org/packages/22/5c/85273fd7cc388285632b0498dbbab97596e04b154933dfe0f3e68156c68c/greenlet-3.2.4-cp314-cp314-macosx_11_0_universal2.whl", hash = "sha256:49a30d5fda2507ae77be16479bdb62a660fa51b1eb4928b524975b3bde77b3c0", size = 273586, upload-time = "2025-08-07T13:16:08.004Z" },
    { url = "https://files.pythonhosted.org/packages/d1/75/10aeeaa3da9332c2e761e4c50d4c3556c21113ee3f0afa2cf5769946f7a3/greenlet-3.2.4-cp314-cp314-manylinux2014_aarch64.manylinux_2_17_aarch64.whl", hash = "sha256:299fd615cd8fc86267b47597123e3f43ad79c9d8a22bebdce535e53550763e2f", size = 686346, upload-time = "2025-08-07T13:42:59.944Z" },
    { url = "https://files.pythonhosted.org/packages/c0/aa/687d6b12ffb505a4447567d1f3abea23bd20e73a5bed63871178e0831b7a/greenlet-3.2.4-cp314-cp314-manylinux2014_ppc64le.manylinux_2_17_ppc64le.whl", hash = "sha256:c17b6b34111ea72fc5a4e4beec9711d2226285f0386ea83477cbb97c30a3f3a5", size = 699218, upload-time = "2025-08-07T13:45:30.969Z" },
    { url = "https://files.pythonhosted.org/packages/dc/8b/29aae55436521f1d6f8ff4e12fb676f3400de7fcf27fccd1d4d17fd8fecd/greenlet-3.2.4-cp314-cp314-manylinux2014_s390x.manylinux_2_17_s390x.whl", hash = "sha256:b4a1870c51720687af7fa3e7cda6d08d801dae660f75a76f3845b642b4da6ee1", size = 694659, upload-time = "2025-08-07T13:53:17.759Z" },
    { url = "https://files.pythonhosted.org/packages/92/2e/ea25914b1ebfde93b6fc4ff46d6864564fba59024e928bdc7de475affc25/greenlet-3.2.4-cp314-cp314-manylinux2014_x86_64.manylinux_2_17_x86_64.whl", hash = "sha256:061dc4cf2c34852b052a8620d40f36324554bc192be474b9e9770e8c042fd735", size = 695355, upload-time = "2025-08-07T13:18:34.517Z" },
    { url = "https://files.pythonhosted.org/packages/72/60/fc56c62046ec17f6b0d3060564562c64c862948c9d4bc8aa807cf5bd74f4/greenlet-3.2.4-cp314-cp314-manylinux_2_24_x86_64.manylinux_2_28_x86_64.whl", hash = "sha256:44358b9bf66c8576a9f57a590d5f5d6e72fa4228b763d0e43fee6d3b06d3a337", size = 657512, upload-time = "2025-08-07T13:18:33.969Z" },
    { url = "https://files.pythonhosted.org/packages/e3/a5/6ddab2b4c112be95601c13428db1d8b6608a8b6039816f2ba09c346c08fc/greenlet-3.2.4-cp314-cp314-win_amd64.whl", hash = "sha256:e37ab26028f12dbb0ff65f29a8d3d44a765c61e729647bf2ddfbbed621726f01", size = 303425, upload-time = "2025-08-07T13:32:27.59Z" },
]

[[package]]
name = "psycopg2"
version = "2.9.11"
source = { registry = "https://pypi.org/simple" }
sdist = { url = "https://files.pythonhosted.org/packages/89/8d/9d12bc8677c24dad342ec777529bce705b3e785fa05d85122b5502b9ab55/psycopg2-2.9.11.tar.gz", hash = "sha256:964d31caf728e217c697ff77ea69c2ba0865fa41ec20bb00f0977e62fdcc52e3", size = 379598, upload-time = "2025-10-10T11:14:46.075Z" }
wheels = [
    { url = "https://files.pythonhosted.org/packages/86/fe/d6dce306fd7b61e312757ba4d068617f562824b9c6d3e4a39fc578ea2814/psycopg2-2.9.11-cp311-cp311-win_amd64.whl", hash = "sha256:210daed32e18f35e3140a1ebe059ac29209dd96468f2f7559aa59f75ee82a5cb", size = 2713723, upload-time = "2025-10-10T11:10:12.957Z" },
    { url = "https://files.pythonhosted.org/packages/b5/bf/635fbe5dd10ed200afbbfbe98f8602829252ca1cce81cc48fb25ed8dadc0/psycopg2-2.9.11-cp312-cp312-win_amd64.whl", hash = "sha256:e03e4a6dbe87ff81540b434f2e5dc2bddad10296db5eea7bdc995bf5f4162938", size = 2713969, upload-time = "2025-10-10T11:10:15.946Z" },
    { url = "https://files.pythonhosted.org/packages/88/5a/18c8cb13fc6908dc41a483d2c14d927a7a3f29883748747e8cb625da6587/psycopg2-2.9.11-cp313-cp313-win_amd64.whl", hash = "sha256:8dc379166b5b7d5ea66dcebf433011dfc51a7bb8a5fc12367fa05668e5fc53c8", size = 2714048, upload-time = "2025-10-10T11:10:19.816Z" },
    { url = "https://files.pythonhosted.org/packages/47/08/737aa39c78d705a7ce58248d00eeba0e9fc36be488f9b672b88736fbb1f7/psycopg2-2.9.11-cp314-cp314-win_amd64.whl", hash = "sha256:f10a48acba5fe6e312b891f290b4d2ca595fc9a06850fe53320beac353575578", size = 2803738, upload-time = "2025-10-10T11:10:23.196Z" },
]

[[package]]
name = "pyqt6"
version = "6.9.1"
source = { registry = "https://pypi.org/simple" }
dependencies = [
    { name = "pyqt6-qt6" },
    { name = "pyqt6-sip" },
]
sdist = { url = "https://files.pythonhosted.org/packages/32/1b/567f46eb43ca961efd38d7a0b73efb70d7342854f075fd919179fdb2a571/pyqt6-6.9.1.tar.gz", hash = "sha256:50642be03fb40f1c2111a09a1f5a0f79813e039c15e78267e6faaf8a96c1c3a6", size = 1067230, upload-time = "2025-06-06T08:49:30.307Z" }
wheels = [
    { url = "https://files.pythonhosted.org/packages/18/c4/fc2a69cf3df09b213185ef5a677c3940cd20e7855d29e40061a685b9c6ee/pyqt6-6.9.1-cp39-abi3-macosx_10_14_universal2.whl", hash = "sha256:33c23d28f6608747ecc8bfd04c8795f61631af9db4fb1e6c2a7523ec4cc916d9", size = 59770566, upload-time = "2025-06-06T08:48:20.331Z" },
    { url = "https://files.pythonhosted.org/packages/d5/78/92f3c46440a83ebe22ae614bd6792e7b052bcb58ff128f677f5662015184/pyqt6-6.9.1-cp39-abi3-manylinux_2_28_x86_64.whl", hash = "sha256:37884df27f774e2e1c0c96fa41e817a222329b80ffc6241725b0dc8c110acb35", size = 37804959, upload-time = "2025-06-06T08:48:39.587Z" },
    { url = "https://files.pythonhosted.org/packages/5a/5e/e77fa2761d809cd08d724f44af01a4b6ceb0ff9648e43173187b0e4fac4e/pyqt6-6.9.1-cp39-abi3-manylinux_2_39_aarch64.whl", hash = "sha256:055870b703c1a49ca621f8a89e2ec4d848e6c739d39367eb9687af3b056d9aa3", size = 40414608, upload-time = "2025-06-06T08:49:00.26Z" },
    { url = "https://files.pythonhosted.org/packages/c4/09/69cf80456b6a985e06dd24ed0c2d3451e43567bf2807a5f3a86ef7a74a2e/pyqt6-6.9.1-cp39-abi3-win_amd64.whl", hash = "sha256:15b95bd273bb6288b070ed7a9503d5ff377aa4882dd6d175f07cad28cdb21da0", size = 25717996, upload-time = "2025-06-06T08:49:13.208Z" },
    { url = "https://files.pythonhosted.org/packages/52/b3/0839d8fd18b86362a4de384740f2f6b6885b5d06fda7720f8a335425e316/pyqt6-6.9.1-cp39-abi3-win_arm64.whl", hash = "sha256:08792c72d130a02e3248a120f0b9bbb4bf4319095f92865bc5b365b00518f53d", size = 25212132, upload-time = "2025-06-06T08:49:27.41Z" },
]

[[package]]
name = "pyqt6-qt6"
version = "6.9.2"
source = { registry = "https://pypi.org/simple" }
wheels = [
    { url = "https://files.pythonhosted.org/packages/14/6f/fe2cd9cb2201c685be2f50c8c915df97848cac3dca4bad44bc3aed56fc63/pyqt6_qt6-6.9.2-py3-none-macosx_10_14_x86_64.whl", hash = "sha256:183b62be49216da80c7df1931d74885610a88f74812489d29610d13b7c215a1c", size = 66568266, upload-time = "2025-09-01T11:43:31.339Z" },
    { url = "https://files.pythonhosted.org/packages/db/1d/47dc51b4383b350f4ff6b1db461b01eba580030683ffa65475b4fdd9b80d/pyqt6_qt6-6.9.2-py3-none-macosx_11_0_arm64.whl", hash = "sha256:7897fb74ee21bdc87b5ccf84e94f4a551377e792fd180a9211c17eb41c3338a3", size = 60859706, upload-time = "2025-09-01T11:43:36.624Z" },
    { url = "https://files.pythonhosted.org/packages/a8/07/21f7dc188e35b46631707f3b40ace5643a0e03a8e1e446854826d08a04ae/pyqt6_qt6-6.9.2-py3-none-manylinux_2_28_x86_64.whl", hash = "sha256:9abfc0ee4a8293a6442128ae3f87f68e82e2a949d7b9caabd98c86ba5679ab48", size = 82322871, upload-time = "2025-09-01T11:43:41.685Z" },
    { url = "https://files.pythonhosted.org/packages/0c/c0/da658e735817feaa35ddfddb4c5d699291e8b8e3138e69ad7ae1a38a7db8/pyqt6_qt6-6.9.2-py3-none-manylinux_2_39_aarch64.whl", hash = "sha256:940aac6462532578e8ddefe0494cd17e33a85e0f3cfb21c612f56ab9ad7bc871", size = 80826693, upload-time = "2025-09-01T11:43:46.823Z" },
    { url = "https://files.pythonhosted.org/packages/63/3a/d811ed1aa579b93ab56188d1371b05eacb4188599d83e72b761263a10f92/pyqt6_qt6-6.9.2-py3-none-win_amd64.whl", hash = "sha256:f9289768039bef4a63e5949b7f8cfbbddc3b6d24bd58c21ba0f2921bed8d1c08", size = 74147171, upload-time = "2025-09-01T11:43:53.468Z" },
    { url = "https://files.pythonhosted.org/packages/57/59/7db6c5ddcb60ef3ecca2040274a30e8bc35b569c49e25e1cf2ef9f159426/pyqt6_qt6-6.9.2-py3-none-win_arm64.whl", hash = "sha256:8f82944ef68c8f8c78aa8eca4832c7bc05116c6de00a3bad8af5a0d63d1caafb", size = 54534019, upload-time = "2025-09-01T11:43:58.763Z" },
]

[[package]]
name = "pyqt6-sip"
version = "13.10.2"
source = { registry = "https://pypi.org/simple" }
sdist = { url = "https://files.pythonhosted.org/packages/2f/4a/96daf6c2e4f689faae9bd8cebb52754e76522c58a6af9b5ec86a2e8ec8b4/pyqt6_sip-13.10.2.tar.gz", hash = "sha256:464ad156bf526500ce6bd05cac7a82280af6309974d816739b4a9a627156fafe", size = 92548, upload-time = "2025-05-23T12:26:49.901Z" }
wheels = [
    { url = "https://files.pythonhosted.org/packages/75/9c/ea9ba7786f471ce025dff71653eec4a6c067d24d36d28cced457dd31314c/pyqt6_sip-13.10.2-cp311-cp311-macosx_10_9_universal2.whl", hash = "sha256:1a6c2f168773af9e6c7ef5e52907f16297d4efd346e4c958eda54ea9135be18e", size = 110707, upload-time = "2025-05-23T12:26:26.666Z" },
    { url = "https://files.pythonhosted.org/packages/d6/00/984a94f14ba378c802a8e304803bb6dc6961cd9f24befa1bf3987731f0c3/pyqt6_sip-13.10.2-cp311-cp311-manylinux_2_17_aarch64.manylinux2014_aarch64.whl", hash = "sha256:b1d3cc9015a1bd8c8d3e86a009591e897d4d46b0c514aede7d2970a2208749cd", size = 317301, upload-time = "2025-05-23T12:26:28.182Z" },
    { url = "https://files.pythonhosted.org/packages/0d/b1/c3b433ebcee2503571d71be025de5dab4489d7153007fd5ae79c543eeedb/pyqt6_sip-13.10.2-cp311-cp311-manylinux_2_5_x86_64.manylinux1_x86_64.whl", hash = "sha256:ddd578a8d975bfb5fef83751829bf09a97a1355fa1de098e4fb4d1b74ee872fc", size = 294277, upload-time = "2025-05-23T12:26:29.406Z" },
    { url = "https://files.pythonhosted.org/packages/24/96/4e909f0a4f7a9ad0076a0e200c10f96a5a09492efb683f3d66c885f9aba4/pyqt6_sip-13.10.2-cp311-cp311-win_amd64.whl", hash = "sha256:061d4a2eb60a603d8be7db6c7f27eb29d9cea97a09aa4533edc1662091ce4f03", size = 53418, upload-time = "2025-05-23T12:26:30.536Z" },
    { url = "https://files.pythonhosted.org/packages/37/96/153c418d8c167fc56f2e62372b8862d577f3ece41b24c5205a05b0c2b0cd/pyqt6_sip-13.10.2-cp311-cp311-win_arm64.whl", hash = "sha256:45ac06f0380b7aa4fcffd89f9e8c00d1b575dc700c603446a9774fda2dcfc0de", size = 44969, upload-time = "2025-05-23T12:26:31.498Z" },
    { url = "https://files.pythonhosted.org/packages/22/5b/1240017e0d59575289ba52b58fd7f95e7ddf0ed2ede95f3f7e2dc845d337/pyqt6_sip-13.10.2-cp312-cp312-macosx_10_9_universal2.whl", hash = "sha256:83e6a56d3e715f748557460600ec342cbd77af89ec89c4f2a68b185fa14ea46c", size = 112199, upload-time = "2025-05-23T12:26:32.503Z" },
    { url = "https://files.pythonhosted.org/packages/51/11/1fc3bae02a12a3ac8354aa579b56206286e8b5ca9586677b1058c81c2f74/pyqt6_sip-13.10.2-cp312-cp312-manylinux_2_17_aarch64.manylinux2014_aarch64.whl", hash = "sha256:4ccf197f8fa410e076936bee28ad9abadb450931d5be5625446fd20e0d8b27a6", size = 322757, upload-time = "2025-05-23T12:26:33.752Z" },
    { url = "https://files.pythonhosted.org/packages/21/40/de9491213f480a27199690616959a17a0f234962b86aa1dd4ca2584e922d/pyqt6_sip-13.10.2-cp312-cp312-manylinux_2_5_x86_64.manylinux1_x86_64.whl", hash = "sha256:37af463dcce39285e686d49523d376994d8a2508b9acccb7616c4b117c9c4ed7", size = 304251, upload-time = "2025-05-23T12:26:35.66Z" },
    { url = "https://files.pythonhosted.org/packages/02/21/cc80e03f1052408c62c341e9fe9b81454c94184f4bd8a95d29d2ec86df92/pyqt6_sip-13.10.2-cp312-cp312-win_amd64.whl", hash = "sha256:c7b34a495b92790c70eae690d9e816b53d3b625b45eeed6ae2c0fe24075a237e", size = 53519, upload-time = "2025-05-23T12:26:36.797Z" },
    { url = "https://files.pythonhosted.org/packages/77/cf/53bd0863252b260a502659cb3124d9c9fe38047df9360e529b437b4ac890/pyqt6_sip-13.10.2-cp312-cp312-win_arm64.whl", hash = "sha256:c80cc059d772c632f5319632f183e7578cd0976b9498682833035b18a3483e92", size = 45349, upload-time = "2025-05-23T12:26:37.729Z" },
    { url = "https://files.pythonhosted.org/packages/a1/1e/979ea64c98ca26979d8ce11e9a36579e17d22a71f51d7366d6eec3c82c13/pyqt6_sip-13.10.2-cp313-cp313-macosx_10_13_universal2.whl", hash = "sha256:8b5d06a0eac36038fa8734657d99b5fe92263ae7a0cd0a67be6acfe220a063e1", size = 112227, upload-time = "2025-05-23T12:26:38.758Z" },
    { url = "https://files.pythonhosted.org/packages/d9/21/84c230048e3bfef4a9209d16e56dcd2ae10590d03a31556ae8b5f1dcc724/pyqt6_sip-13.10.2-cp313-cp313-manylinux_2_17_aarch64.manylinux2014_aarch64.whl", hash = "sha256:ad376a6078da37b049fdf9d6637d71b52727e65c4496a80b753ddc8d27526aca", size = 322920, upload-time = "2025-05-23T12:26:39.856Z" },
    { url = "https://files.pythonhosted.org/packages/b0/1e/c6a28a142f14e735088534cc92951c3f48cccd77cdd4f3b10d7996be420f/pyqt6_sip-13.10.2-cp313-cp313-manylinux_2_5_x86_64.manylinux1_x86_64.whl", hash = "sha256:3dde8024d055f496eba7d44061c5a1ba4eb72fc95e5a9d7a0dbc908317e0888b", size = 303833, upload-time = "2025-05-23T12:26:41.075Z" },
    { url = "https://files.pythonhosted.org/packages/89/63/e5adf350c1c3123d4865c013f164c5265512fa79f09ad464fb2fdf9f9e61/pyqt6_sip-13.10.2-cp313-cp313-win_amd64.whl", hash = "sha256:0b097eb58b4df936c4a2a88a2f367c8bb5c20ff049a45a7917ad75d698e3b277", size = 53527, upload-time = "2025-05-23T12:26:42.625Z" },
    { url = "https://files.pythonhosted.org/packages/58/74/2df4195306d050fbf4963fb5636108a66e5afa6dc05fd9e81e51ec96c384/pyqt6_sip-13.10.2-cp313-cp313-win_arm64.whl", hash = "sha256:cc6a1dfdf324efaac6e7b890a608385205e652845c62130de919fd73a6326244", size = 45373, upload-time = "2025-05-23T12:26:43.536Z" },
    { url = "https://files.pythonhosted.org/packages/23/57/74b4eb7a51b9133958daa8409b55de95e44feb694d4e2e3eba81a070ca20/pyqt6_sip-13.10.2-cp314-cp314-macosx_10_15_universal2.whl", hash = "sha256:8a76a06a8e5c5b1f17a3f6f3c834ca324877e07b960b18b8b9bbfd9c536ec658", size = 112354, upload-time = "2025-10-08T08:44:00.22Z" },
    { url = "https://files.pythonhosted.org/packages/f2/cb/fdef02e0d6ee8443a9683a43650d61c6474b634b6ae6e1c6f097da6310bf/pyqt6_sip-13.10.2-cp314-cp314-manylinux_2_17_aarch64.manylinux2014_aarch64.whl", hash = "sha256:9128d770a611200529468397d710bc972f1dcfe12bfcbb09a3ccddcd4d54fa5b", size = 323488, upload-time = "2025-10-08T08:44:01.965Z" },
    { url = "https://files.pythonhosted.org/packages/8c/5b/8ede8d6234c3ea884cbd097d7d47ff9910fb114efe041af62b4453acd23b/pyqt6_sip-13.10.2-cp314-cp314-manylinux_2_5_x86_64.manylinux1_x86_64.whl", hash = "sha256:d820a0fae7315932c08f27dc0a7e33e0f50fe351001601a8eb9cf6f22b04562e", size = 303881, upload-time = "2025-10-08T08:44:04.086Z" },
    { url = "https://files.pythonhosted.org/packages/be/44/b5e78b072d1594643b0f1ff348f2bf54d4adb5a3f9b9f0989c54e33238d6/pyqt6_sip-13.10.2-cp314-cp314-win_amd64.whl", hash = "sha256:3213bb6e102d3842a3bb7e59d5f6e55f176c80880ff0b39d0dac0cfe58313fb3", size = 55098, upload-time = "2025-10-08T08:44:08.943Z" },
    { url = "https://files.pythonhosted.org/packages/e2/91/357e9fcef5d830c3d50503d35e0357818aca3540f78748cc214dfa015d00/pyqt6_sip-13.10.2-cp314-cp314-win_arm64.whl", hash = "sha256:ce33ff1f94960ad4b08035e39fa0c3c9a67070bec39ffe3e435c792721504726", size = 46088, upload-time = "2025-10-08T08:44:10.014Z" },
]

[[package]]
name = "sqlalchemy"
version = "2.0.44"
source = { registry = "https://pypi.org/simple" }
dependencies = [
    { name = "greenlet", marker = "platform_machine == 'AMD64' or platform_machine == 'WIN32' or platform_machine == 'aarch64' or platform_machine == 'amd64' or platform_machine == 'ppc64le' or platform_machine == 'win32' or platform_machine == 'x86_64'" },
    { name = "typing-extensions" },
]
sdist = { url = "https://files.pythonhosted.org/packages/f0/f2/840d7b9496825333f532d2e3976b8eadbf52034178aac53630d09fe6e1ef/sqlalchemy-2.0.44.tar.gz", hash = "sha256:0ae7454e1ab1d780aee69fd2aae7d6b8670a581d8847f2d1e0f7ddfbf47e5a22", size = 9819830, upload-time = "2025-10-10T14:39:12.935Z" }
wheels = [
    { url = "https://files.pythonhosted.org/packages/e3/81/15d7c161c9ddf0900b076b55345872ed04ff1ed6a0666e5e94ab44b0163c/sqlalchemy-2.0.44-cp311-cp311-macosx_10_9_x86_64.whl", hash = "sha256:0fe3917059c7ab2ee3f35e77757062b1bea10a0b6ca633c58391e3f3c6c488dd", size = 2140517, upload-time = "2025-10-10T15:36:15.64Z" },
    { url = "https://files.pythonhosted.org/packages/d4/d5/4abd13b245c7d91bdf131d4916fd9e96a584dac74215f8b5bc945206a974/sqlalchemy-2.0.44-cp311-cp311-macosx_11_0_arm64.whl", hash = "sha256:de4387a354ff230bc979b46b2207af841dc8bf29847b6c7dbe60af186d97aefa", size = 2130738, upload-time = "2025-10-10T15:36:16.91Z" },
    { url = "https://files.pythonhosted.org/packages/cb/3c/8418969879c26522019c1025171cefbb2a8586b6789ea13254ac602986c0/sqlalchemy-2.0.44-cp311-cp311-manylinux_2_17_aarch64.manylinux2014_aarch64.whl", hash = "sha256:c3678a0fb72c8a6a29422b2732fe423db3ce119c34421b5f9955873eb9b62c1e", size = 3304145, upload-time = "2025-10-10T15:34:19.569Z" },
    { url = "https://files.pythonhosted.org/packages/94/2d/fdb9246d9d32518bda5d90f4b65030b9bf403a935cfe4c36a474846517cb/sqlalchemy-2.0.44-cp311-cp311-manylinux_2_17_x86_64.manylinux2014_x86_64.whl", hash = "sha256:3cf6872a23601672d61a68f390e44703442639a12ee9dd5a88bbce52a695e46e", size = 3304511, upload-time = "2025-10-10T15:47:05.088Z" },
    { url = "https://files.pythonhosted.org/packages/7d/fb/40f2ad1da97d5c83f6c1269664678293d3fe28e90ad17a1093b735420549/sqlalchemy-2.0.44-cp311-cp311-musllinux_1_2_aarch64.whl", hash = "sha256:329aa42d1be9929603f406186630135be1e7a42569540577ba2c69952b7cf399", size = 3235161, upload-time = "2025-10-10T15:34:21.193Z" },
    { url = "https://files.pythonhosted.org/packages/95/cb/7cf4078b46752dca917d18cf31910d4eff6076e5b513c2d66100c4293d83/sqlalchemy-2.0.44-cp311-cp311-musllinux_1_2_x86_64.whl", hash = "sha256:70e03833faca7166e6a9927fbee7c27e6ecde436774cd0b24bbcc96353bce06b", size = 3261426, upload-time = "2025-10-10T15:47:07.196Z" },
    { url = "https://files.pythonhosted.org/packages/f8/3b/55c09b285cb2d55bdfa711e778bdffdd0dc3ffa052b0af41f1c5d6e582fa/sqlalchemy-2.0.44-cp311-cp311-win32.whl", hash = "sha256:253e2f29843fb303eca6b2fc645aca91fa7aa0aa70b38b6950da92d44ff267f3", size = 2105392, upload-time = "2025-10-10T15:38:20.051Z" },
    { url = "https://files.pythonhosted.org/packages/c7/23/907193c2f4d680aedbfbdf7bf24c13925e3c7c292e813326c1b84a0b878e/sqlalchemy-2.0.44-cp311-cp311-win_amd64.whl", hash = "sha256:7a8694107eb4308a13b425ca8c0e67112f8134c846b6e1f722698708741215d5", size = 2130293, upload-time = "2025-10-10T15:38:21.601Z" },
    { url = "https://files.pythonhosted.org/packages/62/c4/59c7c9b068e6813c898b771204aad36683c96318ed12d4233e1b18762164/sqlalchemy-2.0.44-cp312-cp312-macosx_10_13_x86_64.whl", hash = "sha256:72fea91746b5890f9e5e0997f16cbf3d53550580d76355ba2d998311b17b2250", size = 2139675, upload-time = "2025-10-10T16:03:31.064Z" },
    { url = "https://files.pythonhosted.org/packages/d6/ae/eeb0920537a6f9c5a3708e4a5fc55af25900216bdb4847ec29cfddf3bf3a/sqlalchemy-2.0.44-cp312-cp312-macosx_11_0_arm64.whl", hash = "sha256:585c0c852a891450edbb1eaca8648408a3cc125f18cf433941fa6babcc359e29", size = 2127726, upload-time = "2025-10-10T16:03:35.934Z" },
    { url = "https://files.pythonhosted.org/packages/d8/d5/2ebbabe0379418eda8041c06b0b551f213576bfe4c2f09d77c06c07c8cc5/sqlalchemy-2.0.44-cp312-cp312-manylinux_2_17_aarch64.manylinux2014_aarch64.whl", hash = "sha256:9b94843a102efa9ac68a7a30cd46df3ff1ed9c658100d30a725d10d9c60a2f44", size = 3327603, upload-time = "2025-10-10T15:35:28.322Z" },
    { url = "https://files.pythonhosted.org/packages/45/e5/5aa65852dadc24b7d8ae75b7efb8d19303ed6ac93482e60c44a585930ea5/sqlalchemy-2.0.44-cp312-cp312-manylinux_2_17_x86_64.manylinux2014_x86_64.whl", hash = "sha256:119dc41e7a7defcefc57189cfa0e61b1bf9c228211aba432b53fb71ef367fda1", size = 3337842, upload-time = "2025-10-10T15:43:45.431Z" },
    { url = "https://files.pythonhosted.org/packages/41/92/648f1afd3f20b71e880ca797a960f638d39d243e233a7082c93093c22378/sqlalchemy-2.0.44-cp312-cp312-musllinux_1_2_aarch64.whl", hash = "sha256:0765e318ee9179b3718c4fd7ba35c434f4dd20332fbc6857a5e8df17719c24d7", size = 3264558, upload-time = "2025-10-10T15:35:29.93Z" },
    { url = "https://files.pythonhosted.org/packages/40/cf/e27d7ee61a10f74b17740918e23cbc5bc62011b48282170dc4c66da8ec0f/sqlalchemy-2.0.44-cp312-cp312-musllinux_1_2_x86_64.whl", hash = "sha256:2e7b5b079055e02d06a4308d0481658e4f06bc7ef211567edc8f7d5dce52018d", size = 3301570, upload-time = "2025-10-10T15:43:48.407Z" },
    { url = "https://files.pythonhosted.org/packages/3b/3d/3116a9a7b63e780fb402799b6da227435be878b6846b192f076d2f838654/sqlalchemy-2.0.44-cp312-cp312-win32.whl", hash = "sha256:846541e58b9a81cce7dee8329f352c318de25aa2f2bbe1e31587eb1f057448b4", size = 2103447, upload-time = "2025-10-10T15:03:21.678Z" },
    { url = "https://files.pythonhosted.org/packages/25/83/24690e9dfc241e6ab062df82cc0df7f4231c79ba98b273fa496fb3dd78ed/sqlalchemy-2.0.44-cp312-cp312-win_amd64.whl", hash = "sha256:7cbcb47fd66ab294703e1644f78971f6f2f1126424d2b300678f419aa73c7b6e", size = 2130912, upload-time = "2025-10-10T15:03:24.656Z" },
    { url = "https://files.pythonhosted.org/packages/45/d3/c67077a2249fdb455246e6853166360054c331db4613cda3e31ab1cadbef/sqlalchemy-2.0.44-cp313-cp313-macosx_10_13_x86_64.whl", hash = "sha256:ff486e183d151e51b1d694c7aa1695747599bb00b9f5f604092b54b74c64a8e1", size = 2135479, upload-time = "2025-10-10T16:03:37.671Z" },
    { url = "https://files.pythonhosted.org/packages/2b/91/eabd0688330d6fd114f5f12c4f89b0d02929f525e6bf7ff80aa17ca802af/sqlalchemy-2.0.44-cp313-cp313-macosx_11_0_arm64.whl", hash = "sha256:0b1af8392eb27b372ddb783b317dea0f650241cea5bd29199b22235299ca2e45", size = 2123212, upload-time = "2025-10-10T16:03:41.755Z" },
    { url = "https://files.pythonhosted.org/packages/b0/bb/43e246cfe0e81c018076a16036d9b548c4cc649de241fa27d8d9ca6f85ab/sqlalchemy-2.0.44-cp313-cp313-manylinux_2_17_aarch64.manylinux2014_aarch64.whl", hash = "sha256:2b61188657e3a2b9ac4e8f04d6cf8e51046e28175f79464c67f2fd35bceb0976", size = 3255353, upload-time = "2025-10-10T15:35:31.221Z" },
    { url = "https://files.pythonhosted.org/packages/b9/96/c6105ed9a880abe346b64d3b6ddef269ddfcab04f7f3d90a0bf3c5a88e82/sqlalchemy-2.0.44-cp313-cp313-manylinux_2_17_x86_64.manylinux2014_x86_64.whl", hash = "sha256:b87e7b91a5d5973dda5f00cd61ef72ad75a1db73a386b62877d4875a8840959c", size = 3260222, upload-time = "2025-10-10T15:43:50.124Z" },
    { url = "https://files.pythonhosted.org/packages/44/16/1857e35a47155b5ad927272fee81ae49d398959cb749edca6eaa399b582f/sqlalchemy-2.0.44-cp313-cp313-musllinux_1_2_aarch64.whl", hash = "sha256:15f3326f7f0b2bfe406ee562e17f43f36e16167af99c4c0df61db668de20002d", size = 3189614, upload-time = "2025-10-10T15:35:32.578Z" },
    { url = "https://files.pythonhosted.org/packages/88/ee/4afb39a8ee4fc786e2d716c20ab87b5b1fb33d4ac4129a1aaa574ae8a585/sqlalchemy-2.0.44-cp313-cp313-musllinux_1_2_x86_64.whl", hash = "sha256:1e77faf6ff919aa8cd63f1c4e561cac1d9a454a191bb864d5dd5e545935e5a40", size = 3226248, upload-time = "2025-10-10T15:43:51.862Z" },
    { url = "https://files.pythonhosted.org/packages/32/d5/0e66097fc64fa266f29a7963296b40a80d6a997b7ac13806183700676f86/sqlalchemy-2.0.44-cp313-cp313-win32.whl", hash = "sha256:ee51625c2d51f8baadf2829fae817ad0b66b140573939dd69284d2ba3553ae73", size = 2101275, upload-time = "2025-10-10T15:03:26.096Z" },
    { url = "https://files.pythonhosted.org/packages/03/51/665617fe4f8c6450f42a6d8d69243f9420f5677395572c2fe9d21b493b7b/sqlalchemy-2.0.44-cp313-cp313-win_amd64.whl", hash = "sha256:c1c80faaee1a6c3428cecf40d16a2365bcf56c424c92c2b6f0f9ad204b899e9e", size = 2127901, upload-time = "2025-10-10T15:03:27.548Z" },
    { url = "https://files.pythonhosted.org/packages/9c/5e/6a29fa884d9fb7ddadf6b69490a9d45fded3b38541713010dad16b77d015/sqlalchemy-2.0.44-py3-none-any.whl", hash = "sha256:19de7ca1246fbef9f9d1bff8f1ab25641569df226364a0e40457dc5457c54b05", size = 1928718, upload-time = "2025-10-10T15:29:45.32Z" },
]

[[package]]
name = "typing-extensions"
version = "4.15.0"
source = { registry = "https://pypi.org/simple" }
sdist = { url = "https://files.pythonhosted.org/packages/72/94/1a15dd82efb362ac84269196e94cf00f187f7ed21c242792a923cdb1c61f/typing_extensions-4.15.0.tar.gz", hash = "sha256:0cea48d173cc12fa28ecabc3b837ea3cf6f38c6d1136f85cbaaf598984861466", size = 109391, upload-time = "2025-08-25T13:49:26.313Z" }
wheels = [
    { url = "https://files.pythonhosted.org/packages/18/67/36e9267722cc04a6b9f15c7f3441c2363321a3ea07da7ae0c0707beb2a9c/typing_extensions-4.15.0-py3-none-any.whl", hash = "sha256:f0fa19c6845758ab08074a0cfa8b7aecb71c999ca73d62883bc25cc018c4e548", size = 44614, upload-time = "2025-08-25T13:49:24.86Z" },
]
